
Microsoft Visual Studio Solution File, Format Version 12.00
# Visual Studio 15
VisualStudioVersion = 15.0.26430.15
MinimumVisualStudioVersion = 10.0.40219.1
Project("{2150E333-8FDC-42A3-9474-1A3956D46DE8}") = "Tester", "Tester", "{63484915-5E64-4E58-A20E-2A57953EDD02}"
EndProject
Project("{2150E333-8FDC-42A3-9474-1A3956D46DE8}") = "Library", "Library", "{AFD1CCF9-3B67-4AF9-8145-9B8B00FE5A83}"
EndProject
Project("{FAE04EC0-301F-11D3-BF4B-00C04F79EFBC}") = "SNSBot_Framework", "SNSBot_Framework\SNSBot_Framework.csproj", "{0BCA61F8-4C65-4A69-A021-090EB5F4EC59}"
EndProject
Project("{2150E333-8FDC-42A3-9474-1A3956D46DE8}") = "CSharp", "CSharp", "{2F3C18C0-E0BD-426E-B23E-1487DD313247}"
EndProject
Project("{FAE04EC0-301F-11D3-BF4B-00C04F79EFBC}") = "CSharp", "CSharp\CSharp.csproj", "{5F7F5D56-615F-4B7D-B88B-DCC0EF07645A}"
EndProject
Global
	GlobalSection(SolutionConfigurationPlatforms) = preSolution
		Debug|Any CPU = Debug|Any CPU
		Release|Any CPU = Release|Any CPU
	EndGlobalSection
	GlobalSection(ProjectConfigurationPlatforms) = postSolution
		{0BCA61F8-4C65-4A69-A021-090EB5F4EC59}.Debug|Any CPU.ActiveCfg = Debug|Any CPU
		{0BCA61F8-4C65-4A69-A021-090EB5F4EC59}.Debug|Any CPU.Build.0 = Debug|Any CPU
		{0BCA61F8-4C65-4A69-A021-090EB5F4EC59}.Release|Any CPU.ActiveCfg = Release|Any CPU
		{0BCA61F8-4C65-4A69-A021-090EB5F4EC59}.Release|Any CPU.Build.0 = Release|Any CPU
		{5F7F5D56-615F-4B7D-B88B-DCC0EF07645A}.Debug|Any CPU.ActiveCfg = Debug|Any CPU
		{5F7F5D56-615F-4B7D-B88B-DCC0EF07645A}.Debug|Any CPU.Build.0 = Debug|Any CPU
		{5F7F5D56-615F-4B7D-B88B-DCC0EF07645A}.Release|Any CPU.ActiveCfg = Release|Any CPU
		{5F7F5D56-615F-4B7D-B88B-DCC0EF07645A}.Release|Any CPU.Build.0 = Release|Any CPU
	EndGlobalSection
	GlobalSection(SolutionProperties) = preSolution
		HideSolutionNode = FALSE
	EndGlobalSection
	GlobalSection(NestedProjects) = preSolution
		{0BCA61F8-4C65-4A69-A021-090EB5F4EC59} = {2F3C18C0-E0BD-426E-B23E-1487DD313247}
		{2F3C18C0-E0BD-426E-B23E-1487DD313247} = {AFD1CCF9-3B67-4AF9-8145-9B8B00FE5A83}
		{5F7F5D56-615F-4B7D-B88B-DCC0EF07645A} = {63484915-5E64-4E58-A20E-2A57953EDD02}
	EndGlobalSection
EndGlobal
